
Microsoft Visual Studio Solution File, Format Version 12.00
# Visual Studio 15
VisualStudioVersion = 15.0.27703.2000
MinimumVisualStudioVersion = 10.0.40219.1
Project("{FAE04EC0-301F-11D3-BF4B-00C04F79EFBC}") = "DbCode", "src\DbCode\DbCode.csproj", "{E4CD6943-5BBF-4F34-A772-9FEC6250259B}"
EndProject
Project("{FAE04EC0-301F-11D3-BF4B-00C04F79EFBC}") = "DbCode.PgBind", "src\DbCode.PgBind\DbCode.PgBind.csproj", "{04478ED9-C2B6-42E3-84FB-05C4FBB9D86E}"
EndProject
Project("{FAE04EC0-301F-11D3-BF4B-00C04F79EFBC}") = "Test1", "tests\Test1\Test1.csproj", "{0AF38AB4-713C-4372-AE56-E31B44BC95ED}"
EndProject
Global
	GlobalSection(SolutionConfigurationPlatforms) = preSolution
		Debug|Any CPU = Debug|Any CPU
		Release|Any CPU = Release|Any CPU
	EndGlobalSection
	GlobalSection(ProjectConfigurationPlatforms) = postSolution
		{E4CD6943-5BBF-4F34-A772-9FEC6250259B}.Debug|Any CPU.ActiveCfg = Debug|Any CPU
		{E4CD6943-5BBF-4F34-A772-9FEC6250259B}.Debug|Any CPU.Build.0 = Debug|Any CPU
		{E4CD6943-5BBF-4F34-A772-9FEC6250259B}.Release|Any CPU.ActiveCfg = Release|Any CPU
		{E4CD6943-5BBF-4F34-A772-9FEC6250259B}.Release|Any CPU.Build.0 = Release|Any CPU
		{04478ED9-C2B6-42E3-84FB-05C4FBB9D86E}.Debug|Any CPU.ActiveCfg = Debug|Any CPU
		{04478ED9-C2B6-42E3-84FB-05C4FBB9D86E}.Debug|Any CPU.Build.0 = Debug|Any CPU
		{04478ED9-C2B6-42E3-84FB-05C4FBB9D86E}.Release|Any CPU.ActiveCfg = Release|Any CPU
		{04478ED9-C2B6-42E3-84FB-05C4FBB9D86E}.Release|Any CPU.Build.0 = Release|Any CPU
		{0AF38AB4-713C-4372-AE56-E31B44BC95ED}.Debug|Any CPU.ActiveCfg = Debug|Any CPU
		{0AF38AB4-713C-4372-AE56-E31B44BC95ED}.Debug|Any CPU.Build.0 = Debug|Any CPU
		{0AF38AB4-713C-4372-AE56-E31B44BC95ED}.Release|Any CPU.ActiveCfg = Release|Any CPU
		{0AF38AB4-713C-4372-AE56-E31B44BC95ED}.Release|Any CPU.Build.0 = Release|Any CPU
	EndGlobalSection
	GlobalSection(SolutionProperties) = preSolution
		HideSolutionNode = FALSE
	EndGlobalSection
	GlobalSection(ExtensibilityGlobals) = postSolution
		SolutionGuid = {276FB5AD-D74F-4BC8-BBE4-6A21E50D73D5}
	EndGlobalSection
EndGlobal
