
Microsoft Visual Studio Solution File, Format Version 12.00
# Visual Studio 15
VisualStudioVersion = 15.0.28010.2046
MinimumVisualStudioVersion = 10.0.40219.1
Project("{FAE04EC0-301F-11D3-BF4B-00C04F79EFBC}") = "ColoredLogViewer", "ColoredLogViewer.csproj", "{4E0FB306-F1E6-4395-9AAA-FA5D413A39EB}"
EndProject
Global
	GlobalSection(SolutionConfigurationPlatforms) = preSolution
		Debug|Any CPU = Debug|Any CPU
		Release|Any CPU = Release|Any CPU
	EndGlobalSection
	GlobalSection(ProjectConfigurationPlatforms) = postSolution
		{4E0FB306-F1E6-4395-9AAA-FA5D413A39EB}.Debug|Any CPU.ActiveCfg = Debug|Any CPU
		{4E0FB306-F1E6-4395-9AAA-FA5D413A39EB}.Debug|Any CPU.Build.0 = Debug|Any CPU
		{4E0FB306-F1E6-4395-9AAA-FA5D413A39EB}.Release|Any CPU.ActiveCfg = Release|Any CPU
		{4E0FB306-F1E6-4395-9AAA-FA5D413A39EB}.Release|Any CPU.Build.0 = Release|Any CPU
	EndGlobalSection
	GlobalSection(SolutionProperties) = preSolution
		HideSolutionNode = FALSE
	EndGlobalSection
	GlobalSection(ExtensibilityGlobals) = postSolution
		SolutionGuid = {32D82D45-E2A4-4656-B527-559C77C212B2}
	EndGlobalSection
EndGlobal
