
Microsoft Visual Studio Solution File, Format Version 10.00
# Visual Studio 2008
Project("{8BC9CEB8-8B4A-11D0-8D11-00A0C91BC942}") = "Server", "Server\Server.vcproj", "{8B528C78-AF0C-4306-BB22-04F0A19B868B}"
EndProject
Project("{8BC9CEB8-8B4A-11D0-8D11-00A0C91BC942}") = "Client", "Client\Client.vcproj", "{42BF4417-57B2-49F4-BED1-5A67461CC760}"
EndProject
Project("{8BC9CEB8-8B4A-11D0-8D11-00A0C91BC942}") = "NetClientApi", "NetClientApi\NetClientApi.vcproj", "{A16D0615-9F54-4050-A83F-00736AE93859}"
EndProject
Global
	GlobalSection(SolutionConfigurationPlatforms) = preSolution
		Debug|Win32 = Debug|Win32
		Release|Win32 = Release|Win32
	EndGlobalSection
	GlobalSection(ProjectConfigurationPlatforms) = postSolution
		{8B528C78-AF0C-4306-BB22-04F0A19B868B}.Debug|Win32.ActiveCfg = Debug|Win32
		{8B528C78-AF0C-4306-BB22-04F0A19B868B}.Debug|Win32.Build.0 = Debug|Win32
		{8B528C78-AF0C-4306-BB22-04F0A19B868B}.Release|Win32.ActiveCfg = Release|Win32
		{8B528C78-AF0C-4306-BB22-04F0A19B868B}.Release|Win32.Build.0 = Release|Win32
		{42BF4417-57B2-49F4-BED1-5A67461CC760}.Debug|Win32.ActiveCfg = Debug|Win32
		{42BF4417-57B2-49F4-BED1-5A67461CC760}.Debug|Win32.Build.0 = Debug|Win32
		{42BF4417-57B2-49F4-BED1-5A67461CC760}.Release|Win32.ActiveCfg = Release|Win32
		{42BF4417-57B2-49F4-BED1-5A67461CC760}.Release|Win32.Build.0 = Release|Win32
		{A16D0615-9F54-4050-A83F-00736AE93859}.Debug|Win32.ActiveCfg = Debug|Win32
		{A16D0615-9F54-4050-A83F-00736AE93859}.Debug|Win32.Build.0 = Debug|Win32
		{A16D0615-9F54-4050-A83F-00736AE93859}.Release|Win32.ActiveCfg = Release|Win32
		{A16D0615-9F54-4050-A83F-00736AE93859}.Release|Win32.Build.0 = Release|Win32
	EndGlobalSection
	GlobalSection(SolutionProperties) = preSolution
		HideSolutionNode = FALSE
	EndGlobalSection
EndGlobal
