
Microsoft Visual Studio Solution File, Format Version 12.00
# Visual Studio 15
VisualStudioVersion = 15.0.27703.2035
MinimumVisualStudioVersion = 10.0.40219.1
Project("{FAE04EC0-301F-11D3-BF4B-00C04F79EFBC}") = "FileChangeWatcher", "FileChangeWatcher.csproj", "{2B4E7E22-FF51-4D4A-9339-28B725BC7A4A}"
EndProject
Global
	GlobalSection(SolutionConfigurationPlatforms) = preSolution
		Debug|Any CPU = Debug|Any CPU
		Release|Any CPU = Release|Any CPU
	EndGlobalSection
	GlobalSection(ProjectConfigurationPlatforms) = postSolution
		{2B4E7E22-FF51-4D4A-9339-28B725BC7A4A}.Debug|Any CPU.ActiveCfg = Debug|Any CPU
		{2B4E7E22-FF51-4D4A-9339-28B725BC7A4A}.Debug|Any CPU.Build.0 = Debug|Any CPU
		{2B4E7E22-FF51-4D4A-9339-28B725BC7A4A}.Release|Any CPU.ActiveCfg = Release|Any CPU
		{2B4E7E22-FF51-4D4A-9339-28B725BC7A4A}.Release|Any CPU.Build.0 = Release|Any CPU
	EndGlobalSection
	GlobalSection(SolutionProperties) = preSolution
		HideSolutionNode = FALSE
	EndGlobalSection
	GlobalSection(ExtensibilityGlobals) = postSolution
		SolutionGuid = {AF7E5608-0B91-4BF1-A272-EF69157130B5}
	EndGlobalSection
EndGlobal
