
Microsoft Visual Studio Solution File, Format Version 12.00
# Visual Studio 15
VisualStudioVersion = 15.0.28307.168
MinimumVisualStudioVersion = 10.0.40219.1
Project("{FAE04EC0-301F-11D3-BF4B-00C04F79EFBC}") = "Db", "Db\Db.csproj", "{9DCDC994-0B19-4154-A9F3-E8B5BFB746F6}"
EndProject
Global
	GlobalSection(SolutionConfigurationPlatforms) = preSolution
		Debug|Any CPU = Debug|Any CPU
		Release|Any CPU = Release|Any CPU
	EndGlobalSection
	GlobalSection(ProjectConfigurationPlatforms) = postSolution
		{9DCDC994-0B19-4154-A9F3-E8B5BFB746F6}.Debug|Any CPU.ActiveCfg = Debug|Any CPU
		{9DCDC994-0B19-4154-A9F3-E8B5BFB746F6}.Debug|Any CPU.Build.0 = Debug|Any CPU
		{9DCDC994-0B19-4154-A9F3-E8B5BFB746F6}.Release|Any CPU.ActiveCfg = Release|Any CPU
		{9DCDC994-0B19-4154-A9F3-E8B5BFB746F6}.Release|Any CPU.Build.0 = Release|Any CPU
	EndGlobalSection
	GlobalSection(SolutionProperties) = preSolution
		HideSolutionNode = FALSE
	EndGlobalSection
	GlobalSection(ExtensibilityGlobals) = postSolution
		SolutionGuid = {2E9A6D81-61A0-4B8C-8756-2D8A9ADB0D7B}
	EndGlobalSection
EndGlobal
